// !$*UTF8*$!
{
	archiveVersion = 1;
	classes = {
	};
	objectVersion = 56;
	objects = {

/* Begin PBXBuildFile section */
		92DC408D2BA187CD00F52C41 /* AdwumaXApp.swift in Sources */ = {isa = PBXBuildFile; fileRef = 92DC408C2BA187CD00F52C41 /* AdwumaXApp.swift */; };
		92DC408F2BA187CD00F52C41 /* ContentView.swift in Sources */ = {isa = PBXBuildFile; fileRef = 92DC408E2BA187CD00F52C41 /* ContentView.swift */; };
		92DC40912BA187D100F52C41 /* Assets.xcassets in Resources */ = {isa = PBXBuildFile; fileRef = 92DC40902BA187D100F52C41 /* Assets.xcassets */; };
		92DC40942BA187D100F52C41 /* Preview Assets.xcassets in Resources */ = {isa = PBXBuildFile; fileRef = 92DC40932BA187D100F52C41 /* Preview Assets.xcassets */; };
		92DC409E2BA187D100F52C41 /* AdwumaXTests.swift in Sources */ = {isa = PBXBuildFile; fileRef = 92DC409D2BA187D100F52C41 /* AdwumaXTests.swift */; };
		92DC40A82BA187D200F52C41 /* AdwumaXUITests.swift in Sources */ = {isa = PBXBuildFile; fileRef = 92DC40A72BA187D200F52C41 /* AdwumaXUITests.swift */; };
		92DC40AA2BA187D200F52C41 /* AdwumaXUITestsLaunchTests.swift in Sources */ = {isa = PBXBuildFile; fileRef = 92DC40A92BA187D200F52C41 /* AdwumaXUITestsLaunchTests.swift */; };
/* End PBXBuildFile section */

/* Begin PBXContainerItemProxy section */
		92DC409A2BA187D100F52C41 /* PBXContainerItemProxy */ = {
			isa = PBXContainerItemProxy;
			containerPortal = 92DC40812BA187CD00F52C41 /* Project object */;
			proxyType = 1;
			remoteGlobalIDString = 92DC40882BA187CD00F52C41;
			remoteInfo = AdwumaX;
		};
		92DC40A42BA187D200F52C41 /* PBXContainerItemProxy */ = {
			isa = PBXContainerItemProxy;
			containerPortal = 92DC40812BA187CD00F52C41 /* Project object */;
			proxyType = 1;
			remoteGlobalIDString = 92DC40882BA187CD00F52C41;
			remoteInfo = AdwumaX;
		};
/* End PBXContainerItemProxy section */

/* Begin PBXFileReference section */
		92DC40892BA187CD00F52C41 /* AdwumaX.app */ = {isa = PBXFileReference; explicitFileType = wrapper.application; includeInIndex = 0; path = AdwumaX.app; sourceTree = BUILT_PRODUCTS_DIR; };
		92DC408C2BA187CD00F52C41 /* AdwumaXApp.swift */ = {isa = PBXFileReference; lastKnownFileType = sourcecode.swift; path = AdwumaXApp.swift; sourceTree = "<group>"; };
		92DC408E2BA187CD00F52C41 /* ContentView.swift */ = {isa = PBXFileReference; lastKnownFileType = sourcecode.swift; path = ContentView.swift; sourceTree = "<group>"; };
		92DC40902BA187D100F52C41 /* Assets.xcassets */ = {isa = PBXFileReference; lastKnownFileType = folder.assetcatalog; path = Assets.xcassets; sourceTree = "<group>"; };
		92DC40932BA187D100F52C41 /* Preview Assets.xcassets */ = {isa = PBXFileReference; lastKnownFileType = folder.assetcatalog; path = "Preview Assets.xcassets"; sourceTree = "<group>"; };
		92DC40992BA187D100F52C41 /* AdwumaXTests.xctest */ = {isa = PBXFileReference; explicitFileType = wrapper.cfbundle; includeInIndex = 0; path = AdwumaXTests.xctest; sourceTree = BUILT_PRODUCTS_DIR; };
		92DC409D2BA187D100F52C41 /* AdwumaXTests.swift */ = {isa = PBXFileReference; lastKnownFileType = sourcecode.swift; path = AdwumaXTests.swift; sourceTree = "<group>"; };
		92DC40A32BA187D200F52C41 /* AdwumaXUITests.xctest */ = {isa = PBXFileReference; explicitFileType = wrapper.cfbundle; includeInIndex = 0; path = AdwumaXUITests.xctest; sourceTree = BUILT_PRODUCTS_DIR; };
		92DC40A72BA187D200F52C41 /* AdwumaXUITests.swift */ = {isa = PBXFileReference; lastKnownFileType = sourcecode.swift; path = AdwumaXUITests.swift; sourceTree = "<group>"; };
		92DC40A92BA187D200F52C41 /* AdwumaXUITestsLaunchTests.swift */ = {isa = PBXFileReference; lastKnownFileType = sourcecode.swift; path = AdwumaXUITestsLaunchTests.swift; sourceTree = "<group>"; };
/* End PBXFileReference section */

/* Begin PBXFrameworksBuildPhase section */
		92DC40862BA187CD00F52C41 /* Frameworks */ = {
			isa = PBXFrameworksBuildPhase;
			buildActionMask = 2147483647;
			files = (
			);
			runOnlyForDeploymentPostprocessing = 0;
		};
		92DC40962BA187D100F52C41 /* Frameworks */ = {
			isa = PBXFrameworksBuildPhase;
			buildActionMask = 2147483647;
			files = (
			);
			runOnlyForDeploymentPostprocessing = 0;
		};
		92DC40A02BA187D200F52C41 /* Frameworks */ = {
			isa = PBXFrameworksBuildPhase;
			buildActionMask = 2147483647;
			files = (
			);
			runOnlyForDeploymentPostprocessing = 0;
		};
/* End PBXFrameworksBuildPhase section */

/* Begin PBXGroup section */
		92DC40802BA187CD00F52C41 = {
			isa = PBXGroup;
			children = (
				92DC408B2BA187CD00F52C41 /* AdwumaX */,
				92DC409C2BA187D100F52C41 /* AdwumaXTests */,
				92DC40A62BA187D200F52C41 /* AdwumaXUITests */,
				92DC408A2BA187CD00F52C41 /* Products */,
			);
			sourceTree = "<group>";
		};
		92DC408A2BA187CD00F52C41 /* Products */ = {
			isa = PBXGroup;
			children = (
				92DC40892BA187CD00F52C41 /* AdwumaX.app */,
				92DC40992BA187D100F52C41 /* AdwumaXTests.xctest */,
				92DC40A32BA187D200F52C41 /* AdwumaXUITests.xctest */,
			);
			name = Products;
			sourceTree = "<group>";
		};
		92DC408B2BA187CD00F52C41 /* AdwumaX */ = {
			isa = PBXGroup;
			children = (
				92DC408C2BA187CD00F52C41 /* AdwumaXApp.swift */,
				92DC408E2BA187CD00F52C41 /* ContentView.swift */,
				92DC40902BA187D100F52C41 /* Assets.xcassets */,
				92DC40922BA187D100F52C41 /* Preview Content */,
			);
			path = AdwumaX;
			sourceTree = "<group>";
		};
		92DC40922BA187D100F52C41 /* Preview Content */ = {
			isa = PBXGroup;
			children = (
				92DC40932BA187D100F52C41 /* Preview Assets.xcassets */,
			);
			path = "Preview Content";
			sourceTree = "<group>";
		};
		92DC409C2BA187D100F52C41 /* AdwumaXTests */ = {
			isa = PBXGroup;
			children = (
				92DC409D2BA187D100F52C41 /* AdwumaXTests.swift */,
			);
			path = AdwumaXTests;
			sourceTree = "<group>";
		};
		92DC40A62BA187D200F52C41 /* AdwumaXUITests */ = {
			isa = PBXGroup;
			children = (
				92DC40A72BA187D200F52C41 /* AdwumaXUITests.swift */,
				92DC40A92BA187D200F52C41 /* AdwumaXUITestsLaunchTests.swift */,
			);
			path = AdwumaXUITests;
			sourceTree = "<group>";
		};
/* End PBXGroup section */

/* Begin PBXNativeTarget section */
		92DC40882BA187CD00F52C41 /* AdwumaX */ = {
			isa = PBXNativeTarget;
			buildConfigurationList = 92DC40AD2BA187D200F52C41 /* Build configuration list for PBXNativeTarget "AdwumaX" */;
			buildPhases = (
				92DC40852BA187CD00F52C41 /* Sources */,
				92DC40862BA187CD00F52C41 /* Frameworks */,
				92DC40872BA187CD00F52C41 /* Resources */,
			);
			buildRules = (
			);
			dependencies = (
			);
			name = AdwumaX;
			productName = AdwumaX;
			productReference = 92DC40892BA187CD00F52C41 /* AdwumaX.app */;
			productType = "com.apple.product-type.application";
		};
		92DC40982BA187D100F52C41 /* AdwumaXTests */ = {
			isa = PBXNativeTarget;
			buildConfigurationList = 92DC40B02BA187D200F52C41 /* Build configuration list for PBXNativeTarget "AdwumaXTests" */;
			buildPhases = (
				92DC40952BA187D100F52C41 /* Sources */,
				92DC40962BA187D100F52C41 /* Frameworks */,
				92DC40972BA187D100F52C41 /* Resources */,
			);
			buildRules = (
			);
			dependencies = (
				92DC409B2BA187D100F52C41 /* PBXTargetDependency */,
			);
			name = AdwumaXTests;
			productName = AdwumaXTests;
			productReference = 92DC40992BA187D100F52C41 /* AdwumaXTests.xctest */;
			productType = "com.apple.product-type.bundle.unit-test";
		};
		92DC40A22BA187D200F52C41 /* AdwumaXUITests */ = {
			isa = PBXNativeTarget;
			buildConfigurationList = 92DC40B32BA187D200F52C41 /* Build configuration list for PBXNativeTarget "AdwumaXUITests" */;
			buildPhases = (
				92DC409F2BA187D200F52C41 /* Sources */,
				92DC40A02BA187D200F52C41 /* Frameworks */,
				92DC40A12BA187D200F52C41 /* Resources */,
			);
			buildRules = (
			);
			dependencies = (
				92DC40A52BA187D200F52C41 /* PBXTargetDependency */,
			);
			name = AdwumaXUITests;
			productName = AdwumaXUITests;
			productReference = 92DC40A32BA187D200F52C41 /* AdwumaXUITests.xctest */;
			productType = "com.apple.product-type.bundle.ui-testing";
		};
/* End PBXNativeTarget section */

/* Begin PBXProject section */
		92DC40812BA187CD00F52C41 /* Project object */ = {
			isa = PBXProject;
			attributes = {
				BuildIndependentTargetsInParallel = 1;
				LastSwiftUpdateCheck = 1530;
				LastUpgradeCheck = 1530;
				TargetAttributes = {
					92DC40882BA187CD00F52C41 = {
						CreatedOnToolsVersion = 15.3;
					};
					92DC40982BA187D100F52C41 = {
						CreatedOnToolsVersion = 15.3;
						TestTargetID = 92DC40882BA187CD00F52C41;
					};
					92DC40A22BA187D200F52C41 = {
						CreatedOnToolsVersion = 15.3;
						TestTargetID = 92DC40882BA187CD00F52C41;
					};
				};
			};
			buildConfigurationList = 92DC40842BA187CD00F52C41 /* Build configuration list for PBXProject "AdwumaX" */;
			compatibilityVersion = "Xcode 14.0";
			developmentRegion = en;
			hasScannedForEncodings = 0;
			knownRegions = (
				en,
				Base,
			);
			mainGroup = 92DC40802BA187CD00F52C41;
			productRefGroup = 92DC408A2BA187CD00F52C41 /* Products */;
			projectDirPath = "";
			projectRoot = "";
			targets = (
				92DC40882BA187CD00F52C41 /* AdwumaX */,
				92DC40982BA187D100F52C41 /* AdwumaXTests */,
				92DC40A22BA187D200F52C41 /* AdwumaXUITests */,
			);
		};
/* End PBXProject section */

/* Begin PBXResourcesBuildPhase section */
		92DC40872BA187CD00F52C41 /* Resources */ = {
			isa = PBXResourcesBuildPhase;
			buildActionMask = 2147483647;
			files = (
				92DC40942BA187D100F52C41 /* Preview Assets.xcassets in Resources */,
				92DC40912BA187D100F52C41 /* Assets.xcassets in Resources */,
			);
			runOnlyForDeploymentPostprocessing = 0;
		};
		92DC40972BA187D100F52C41 /* Resources */ = {
			isa = PBXResourcesBuildPhase;
			buildActionMask = 2147483647;
			files = (
			);
			runOnlyForDeploymentPostprocessing = 0;
		};
		92DC40A12BA187D200F52C41 /* Resources */ = {
			isa = PBXResourcesBuildPhase;
			buildActionMask = 2147483647;
			files = (
			);
			runOnlyForDeploymentPostprocessing = 0;
		};
/* End PBXResourcesBuildPhase section */

/* Begin PBXSourcesBuildPhase section */
		92DC40852BA187CD00F52C41 /* Sources */ = {
			isa = PBXSourcesBuildPhase;
			buildActionMask = 2147483647;
			files = (
				92DC408F2BA187CD00F52C41 /* ContentView.swift in Sources */,
				92DC408D2BA187CD00F52C41 /* AdwumaXApp.swift in Sources */,
			);
			runOnlyForDeploymentPostprocessing = 0;
		};
		92DC40952BA187D100F52C41 /* Sources */ = {
			isa = PBXSourcesBuildPhase;
			buildActionMask = 2147483647;
			files = (
				92DC409E2BA187D100F52C41 /* AdwumaXTests.swift in Sources */,
			);
			runOnlyForDeploymentPostprocessing = 0;
		};
		92DC409F2BA187D200F52C41 /* Sources */ = {
			isa = PBXSourcesBuildPhase;
			buildActionMask = 2147483647;
			files = (
				92DC40AA2BA187D200F52C41 /* AdwumaXUITestsLaunchTests.swift in Sources */,
				92DC40A82BA187D200F52C41 /* AdwumaXUITests.swift in Sources */,
			);
			runOnlyForDeploymentPostprocessing = 0;
		};
/* End PBXSourcesBuildPhase section */

/* Begin PBXTargetDependency section */
		92DC409B2BA187D100F52C41 /* PBXTargetDependency */ = {
			isa = PBXTargetDependency;
			target = 92DC40882BA187CD00F52C41 /* AdwumaX */;
			targetProxy = 92DC409A2BA187D100F52C41 /* PBXContainerItemProxy */;
		};
		92DC40A52BA187D200F52C41 /* PBXTargetDependency */ = {
			isa = PBXTargetDependency;
			target = 92DC40882BA187CD00F52C41 /* AdwumaX */;
			targetProxy = 92DC40A42BA187D200F52C41 /* PBXContainerItemProxy */;
		};
/* End PBXTargetDependency section */

/* Begin XCBuildConfiguration section */
		92DC40AB2BA187D200F52C41 /* Debug */ = {
			isa = XCBuildConfiguration;
			buildSettings = {
				ALWAYS_SEARCH_USER_PATHS = NO;
				ASSETCATALOG_COMPILER_GENERATE_SWIFT_ASSET_SYMBOL_EXTENSIONS = YES;
				CLANG_ANALYZER_NONNULL = YES;
				CLANG_ANALYZER_NUMBER_OBJECT_CONVERSION = YES_AGGRESSIVE;
				CLANG_CXX_LANGUAGE_STANDARD = "gnu++20";
				CLANG_ENABLE_MODULES = YES;
				CLANG_ENABLE_OBJC_ARC = YES;
				CLANG_ENABLE_OBJC_WEAK = YES;
				CLANG_WARN_BLOCK_CAPTURE_AUTORELEASING = YES;
				CLANG_WARN_BOOL_CONVERSION = YES;
				CLANG_WARN_COMMA = YES;
				CLANG_WARN_CONSTANT_CONVERSION = YES;
				CLANG_WARN_DEPRECATED_OBJC_IMPLEMENTATIONS = YES;
				CLANG_WARN_DIRECT_OBJC_ISA_USAGE = YES_ERROR;
				CLANG_WARN_DOCUMENTATION_COMMENTS = YES;
				CLANG_WARN_EMPTY_BODY = YES;
				CLANG_WARN_ENUM_CONVERSION = YES;
				CLANG_WARN_INFINITE_RECURSION = YES;
				CLANG_WARN_INT_CONVERSION = YES;
				CLANG_WARN_NON_LITERAL_NULL_CONVERSION = YES;
				CLANG_WARN_OBJC_IMPLICIT_RETAIN_SELF = YES;
				CLANG_WARN_OBJC_LITERAL_CONVERSION = YES;
				CLANG_WARN_OBJC_ROOT_CLASS = YES_ERROR;
				CLANG_WARN_QUOTED_INCLUDE_IN_FRAMEWORK_HEADER = YES;
				CLANG_WARN_RANGE_LOOP_ANALYSIS = YES;
				CLANG_WARN_STRICT_PROTOTYPES = YES;
				CLANG_WARN_SUSPICIOUS_MOVE = YES;
				CLANG_WARN_UNGUARDED_AVAILABILITY = YES_AGGRESSIVE;
				CLANG_WARN_UNREACHABLE_CODE = YES;
				CLANG_WARN__DUPLICATE_METHOD_MATCH = YES;
				COPY_PHASE_STRIP = NO;
				DEBUG_INFORMATION_FORMAT = dwarf;
				ENABLE_STRICT_OBJC_MSGSEND = YES;
				ENABLE_TESTABILITY = YES;
				ENABLE_USER_SCRIPT_SANDBOXING = YES;
				GCC_C_LANGUAGE_STANDARD = gnu17;
				GCC_DYNAMIC_NO_PIC = NO;
				GCC_NO_COMMON_BLOCKS = YES;
				GCC_OPTIMIZATION_LEVEL = 0;
				GCC_PREPROCESSOR_DEFINITIONS = (
					"DEBUG=1",
					"$(inherited)",
				);
				GCC_WARN_64_TO_32_BIT_CONVERSION = YES;
				GCC_WARN_ABOUT_RETURN_TYPE = YES_ERROR;
				GCC_WARN_UNDECLARED_SELECTOR = YES;
				GCC_WARN_UNINITIALIZED_AUTOS = YES_AGGRESSIVE;
				GCC_WARN_UNUSED_FUNCTION = YES;
				GCC_WARN_UNUSED_VARIABLE = YES;
				IPHONEOS_DEPLOYMENT_TARGET = 17.4;
				LOCALIZATION_PREFERS_STRING_CATALOGS = YES;
				MTL_ENABLE_DEBUG_INFO = INCLUDE_SOURCE;
				MTL_FAST_MATH = YES;
				ONLY_ACTIVE_ARCH = YES;
				SDKROOT = iphoneos;
				SWIFT_ACTIVE_COMPILATION_CONDITIONS = "DEBUG $(inherited)";
				SWIFT_OPTIMIZATION_LEVEL = "-Onone";
			};
			name = Debug;
		};
		92DC40AC2BA187D200F52C41 /* Release */ = {
			isa = XCBuildConfiguration;
			buildSettings = {
				ALWAYS_SEARCH_USER_PATHS = NO;
				ASSETCATALOG_COMPILER_GENERATE_SWIFT_ASSET_SYMBOL_EXTENSIONS = YES;
				CLANG_ANALYZER_NONNULL = YES;
				CLANG_ANALYZER_NUMBER_OBJECT_CONVERSION = YES_AGGRESSIVE;
				CLANG_CXX_LANGUAGE_STANDARD = "gnu++20";
				CLANG_ENABLE_MODULES = YES;
				CLANG_ENABLE_OBJC_ARC = YES;
				CLANG_ENABLE_OBJC_WEAK = YES;
				CLANG_WARN_BLOCK_CAPTURE_AUTORELEASING = YES;
				CLANG_WARN_BOOL_CONVERSION = YES;
				CLANG_WARN_COMMA = YES;
				CLANG_WARN_CONSTANT_CONVERSION = YES;
				CLANG_WARN_DEPRECATED_OBJC_IMPLEMENTATIONS = YES;
				CLANG_WARN_DIRECT_OBJC_ISA_USAGE = YES_ERROR;
				CLANG_WARN_DOCUMENTATION_COMMENTS = YES;
				CLANG_WARN_EMPTY_BODY = YES;
				CLANG_WARN_ENUM_CONVERSION = YES;
				CLANG_WARN_INFINITE_RECURSION = YES;
				CLANG_WARN_INT_CONVERSION = YES;
				CLANG_WARN_NON_LITERAL_NULL_CONVERSION = YES;
				CLANG_WARN_OBJC_IMPLICIT_RETAIN_SELF = YES;
				CLANG_WARN_OBJC_LITERAL_CONVERSION = YES;
				CLANG_WARN_OBJC_ROOT_CLASS = YES_ERROR;
				CLANG_WARN_QUOTED_INCLUDE_IN_FRAMEWORK_HEADER = YES;
				CLANG_WARN_RANGE_LOOP_ANALYSIS = YES;
				CLANG_WARN_STRICT_PROTOTYPES = YES;
				CLANG_WARN_SUSPICIOUS_MOVE = YES;
				CLANG_WARN_UNGUARDED_AVAILABILITY = YES_AGGRESSIVE;
				CLANG_WARN_UNREACHABLE_CODE = YES;
				CLANG_WARN__DUPLICATE_METHOD_MATCH = YES;
				COPY_PHASE_STRIP = NO;
				DEBUG_INFORMATION_FORMAT = "dwarf-with-dsym";
				ENABLE_NS_ASSERTIONS = NO;
				ENABLE_STRICT_OBJC_MSGSEND = YES;
				ENABLE_USER_SCRIPT_SANDBOXING = YES;
				GCC_C_LANGUAGE_STANDARD = gnu17;
				GCC_NO_COMMON_BLOCKS = YES;
				GCC_WARN_64_TO_32_BIT_CONVERSION = YES;
				GCC_WARN_ABOUT_RETURN_TYPE = YES_ERROR;
				GCC_WARN_UNDECLARED_SELECTOR = YES;
				GCC_WARN_UNINITIALIZED_AUTOS = YES_AGGRESSIVE;
				GCC_WARN_UNUSED_FUNCTION = YES;
				GCC_WARN_UNUSED_VARIABLE = YES;
				IPHONEOS_DEPLOYMENT_TARGET = 17.4;
				LOCALIZATION_PREFERS_STRING_CATALOGS = YES;
				MTL_ENABLE_DEBUG_INFO = NO;
				MTL_FAST_MATH = YES;
				SDKROOT = iphoneos;
				SWIFT_COMPILATION_MODE = wholemodule;
				VALIDATE_PRODUCT = YES;
			};
			name = Release;
		};
		92DC40AE2BA187D200F52C41 /* Debug */ = {
			isa = XCBuildConfiguration;
			buildSettings = {
				ASSETCATALOG_COMPILER_APPICON_NAME = AppIcon;
				ASSETCATALOG_COMPILER_GLOBAL_ACCENT_COLOR_NAME = AccentColor;
				CODE_SIGN_STYLE = Automatic;
				CURRENT_PROJECT_VERSION = 1;
				DEVELOPMENT_ASSET_PATHS = "\"AdwumaX/Preview Content\"";
				DEVELOPMENT_TEAM = QB2T369883;
				ENABLE_PREVIEWS = YES;
				GENERATE_INFOPLIST_FILE = YES;
				INFOPLIST_KEY_UIApplicationSceneManifest_Generation = YES;
				INFOPLIST_KEY_UIApplicationSupportsIndirectInputEvents = YES;
				INFOPLIST_KEY_UILaunchScreen_Generation = YES;
				INFOPLIST_KEY_UISupportedInterfaceOrientations_iPad = "UIInterfaceOrientationPortrait UIInterfaceOrientationPortraitUpsideDown UIInterfaceOrientationLandscapeLeft UIInterfaceOrientationLandscapeRight";
				INFOPLIST_KEY_UISupportedInterfaceOrientations_iPhone = "UIInterfaceOrientationPortrait UIInterfaceOrientationLandscapeLeft UIInterfaceOrientationLandscapeRight";
				LD_RUNPATH_SEARCH_PATHS = (
					"$(inherited)",
					"@executable_path/Frameworks",
				);
				MARKETING_VERSION = 1.0;
				PRODUCT_BUNDLE_IDENTIFIER = DenisAnsah.AdwumaX;
				PRODUCT_NAME = "$(TARGET_NAME)";
				SWIFT_EMIT_LOC_STRINGS = YES;
				SWIFT_VERSION = 5.0;
				TARGETED_DEVICE_FAMILY = "1,2";
			};
			name = Debug;
		};
		92DC40AF2BA187D200F52C41 /* Release */ = {
			isa = XCBuildConfiguration;
			buildSettings = {
				ASSETCATALOG_COMPILER_APPICON_NAME = AppIcon;
				ASSETCATALOG_COMPILER_GLOBAL_ACCENT_COLOR_NAME = AccentColor;
				CODE_SIGN_STYLE = Automatic;
				CURRENT_PROJECT_VERSION = 1;
				DEVELOPMENT_ASSET_PATHS = "\"AdwumaX/Preview Content\"";
				DEVELOPMENT_TEAM = QB2T369883;
				ENABLE_PREVIEWS = YES;
				GENERATE_INFOPLIST_FILE = YES;
				INFOPLIST_KEY_UIApplicationSceneManifest_Generation = YES;
				INFOPLIST_KEY_UIApplicationSupportsIndirectInputEvents = YES;
				INFOPLIST_KEY_UILaunchScreen_Generation = YES;
				INFOPLIST_KEY_UISupportedInterfaceOrientations_iPad = "UIInterfaceOrientationPortrait UIInterfaceOrientationPortraitUpsideDown UIInterfaceOrientationLandscapeLeft UIInterfaceOrientationLandscapeRight";
				INFOPLIST_KEY_UISupportedInterfaceOrientations_iPhone = "UIInterfaceOrientationPortrait UIInterfaceOrientationLandscapeLeft UIInterfaceOrientationLandscapeRight";
				LD_RUNPATH_SEARCH_PATHS = (
					"$(inherited)",
					"@executable_path/Frameworks",
				);
				MARKETING_VERSION = 1.0;
				PRODUCT_BUNDLE_IDENTIFIER = DenisAnsah.AdwumaX;
				PRODUCT_NAME = "$(TARGET_NAME)";
				SWIFT_EMIT_LOC_STRINGS = YES;
				SWIFT_VERSION = 5.0;
				TARGETED_DEVICE_FAMILY = "1,2";
			};
			name = Release;
		};
		92DC40B12BA187D200F52C41 /* Debug */ = {
			isa = XCBuildConfiguration;
			buildSettings = {
				ALWAYS_EMBED_SWIFT_STANDARD_LIBRARIES = YES;
				BUNDLE_LOADER = "$(TEST_HOST)";
				CODE_SIGN_STYLE = Automatic;
				CURRENT_PROJECT_VERSION = 1;
				DEVELOPMENT_TEAM = QB2T369883;
				GENERATE_INFOPLIST_FILE = YES;
				IPHONEOS_DEPLOYMENT_TARGET = 17.4;
				MARKETING_VERSION = 1.0;
				PRODUCT_BUNDLE_IDENTIFIER = DenisAnsah.AdwumaXTests;
				PRODUCT_NAME = "$(TARGET_NAME)";
				SWIFT_EMIT_LOC_STRINGS = NO;
				SWIFT_VERSION = 5.0;
				TARGETED_DEVICE_FAMILY = "1,2";
				TEST_HOST = "$(BUILT_PRODUCTS_DIR)/AdwumaX.app/$(BUNDLE_EXECUTABLE_FOLDER_PATH)/AdwumaX";
			};
			name = Debug;
		};
		92DC40B22BA187D200F52C41 /* Release */ = {
			isa = XCBuildConfiguration;
			buildSettings = {
				ALWAYS_EMBED_SWIFT_STANDARD_LIBRARIES = YES;
				BUNDLE_LOADER = "$(TEST_HOST)";
				CODE_SIGN_STYLE = Automatic;
				CURRENT_PROJECT_VERSION = 1;
				DEVELOPMENT_TEAM = QB2T369883;
				GENERATE_INFOPLIST_FILE = YES;
				IPHONEOS_DEPLOYMENT_TARGET = 17.4;
				MARKETING_VERSION = 1.0;
				PRODUCT_BUNDLE_IDENTIFIER = DenisAnsah.AdwumaXTests;
				PRODUCT_NAME = "$(TARGET_NAME)";
				SWIFT_EMIT_LOC_STRINGS = NO;
				SWIFT_VERSION = 5.0;
				TARGETED_DEVICE_FAMILY = "1,2";
				TEST_HOST = "$(BUILT_PRODUCTS_DIR)/AdwumaX.app/$(BUNDLE_EXECUTABLE_FOLDER_PATH)/AdwumaX";
			};
			name = Release;
		};
		92DC40B42BA187D200F52C41 /* Debug */ = {
			isa = XCBuildConfiguration;
			buildSettings = {
				ALWAYS_EMBED_SWIFT_STANDARD_LIBRARIES = YES;
				CODE_SIGN_STYLE = Automatic;
				CURRENT_PROJECT_VERSION = 1;
				DEVELOPMENT_TEAM = QB2T369883;
				GENERATE_INFOPLIST_FILE = YES;
				MARKETING_VERSION = 1.0;
				PRODUCT_BUNDLE_IDENTIFIER = DenisAnsah.AdwumaXUITests;
				PRODUCT_NAME = "$(TARGET_NAME)";
				SWIFT_EMIT_LOC_STRINGS = NO;
				SWIFT_VERSION = 5.0;
				TARGETED_DEVICE_FAMILY = "1,2";
				TEST_TARGET_NAME = AdwumaX;
			};
			name = Debug;
		};
		92DC40B52BA187D200F52C41 /* Release */ = {
			isa = XCBuildConfiguration;
			buildSettings = {
				ALWAYS_EMBED_SWIFT_STANDARD_LIBRARIES = YES;
				CODE_SIGN_STYLE = Automatic;
				CURRENT_PROJECT_VERSION = 1;
				DEVELOPMENT_TEAM = QB2T369883;
				GENERATE_INFOPLIST_FILE = YES;
				MARKETING_VERSION = 1.0;
				PRODUCT_BUNDLE_IDENTIFIER = DenisAnsah.AdwumaXUITests;
				PRODUCT_NAME = "$(TARGET_NAME)";
				SWIFT_EMIT_LOC_STRINGS = NO;
				SWIFT_VERSION = 5.0;
				TARGETED_DEVICE_FAMILY = "1,2";
				TEST_TARGET_NAME = AdwumaX;
			};
			name = Release;
		};
/* End XCBuildConfiguration section */

/* Begin XCConfigurationList section */
		92DC40842BA187CD00F52C41 /* Build configuration list for PBXProject "AdwumaX" */ = {
			isa = XCConfigurationList;
			buildConfigurations = (
				92DC40AB2BA187D200F52C41 /* Debug */,
				92DC40AC2BA187D200F52C41 /* Release */,
			);
			defaultConfigurationIsVisible = 0;
			defaultConfigurationName = Release;
		};
		92DC40AD2BA187D200F52C41 /* Build configuration list for PBXNativeTarget "AdwumaX" */ = {
			isa = XCConfigurationList;
			buildConfigurations = (
				92DC40AE2BA187D200F52C41 /* Debug */,
				92DC40AF2BA187D200F52C41 /* Release */,
			);
			defaultConfigurationIsVisible = 0;
			defaultConfigurationName = Release;
		};
		92DC40B02BA187D200F52C41 /* Build configuration list for PBXNativeTarget "AdwumaXTests" */ = {
			isa = XCConfigurationList;
			buildConfigurations = (
				92DC40B12BA187D200F52C41 /* Debug */,
				92DC40B22BA187D200F52C41 /* Release */,
			);
			defaultConfigurationIsVisible = 0;
			defaultConfigurationName = Release;
		};
		92DC40B32BA187D200F52C41 /* Build configuration list for PBXNativeTarget "AdwumaXUITests" */ = {
			isa = XCConfigurationList;
			buildConfigurations = (
				92DC40B42BA187D200F52C41 /* Debug */,
				92DC40B52BA187D200F52C41 /* Release */,
			);
			defaultConfigurationIsVisible = 0;
			defaultConfigurationName = Release;
		};
/* End XCConfigurationList section */
	};
	rootObject = 92DC40812BA187CD00F52C41 /* Project object */;
}
