// !$*UTF8*$!
{
	archiveVersion = 1;
	classes = {
	};
	objectVersion = 56;
	objects = {

/* Begin PBXBuildFile section */
		92111F342BBBD2990045638C /* AdwumaXApp.swift in Sources */ = {isa = PBXBuildFile; fileRef = 92111F332BBBD2990045638C /* AdwumaXApp.swift */; };
		92111F382BBBD29B0045638C /* Assets.xcassets in Resources */ = {isa = PBXBuildFile; fileRef = 92111F372BBBD29B0045638C /* Assets.xcassets */; };
		92111F3B2BBBD29B0045638C /* Preview Assets.xcassets in Resources */ = {isa = PBXBuildFile; fileRef = 92111F3A2BBBD29B0045638C /* Preview Assets.xcassets */; };
		92111F452BBBD29C0045638C /* AdwumaXTests.swift in Sources */ = {isa = PBXBuildFile; fileRef = 92111F442BBBD29C0045638C /* AdwumaXTests.swift */; };
		92111F4F2BBBD29C0045638C /* AdwumaXUITests.swift in Sources */ = {isa = PBXBuildFile; fileRef = 92111F4E2BBBD29C0045638C /* AdwumaXUITests.swift */; };
		92111F512BBBD29C0045638C /* AdwumaXUITestsLaunchTests.swift in Sources */ = {isa = PBXBuildFile; fileRef = 92111F502BBBD29C0045638C /* AdwumaXUITestsLaunchTests.swift */; };
		92111F5E2BBBDA4B0045638C /* GoogleService-Info.plist in Resources */ = {isa = PBXBuildFile; fileRef = 92111F5D2BBBDA4B0045638C /* GoogleService-Info.plist */; };
		92111F612BBBDABF0045638C /* FirebaseAnalytics in Frameworks */ = {isa = PBXBuildFile; productRef = 92111F602BBBDABF0045638C /* FirebaseAnalytics */; };
		92111F632BBBDABF0045638C /* FirebaseAnalyticsSwift in Frameworks */ = {isa = PBXBuildFile; productRef = 92111F622BBBDABF0045638C /* FirebaseAnalyticsSwift */; };
		92111F652BBBDABF0045638C /* FirebaseAuth in Frameworks */ = {isa = PBXBuildFile; productRef = 92111F642BBBDABF0045638C /* FirebaseAuth */; };
		92111F672BBBDABF0045638C /* FirebaseFirestore in Frameworks */ = {isa = PBXBuildFile; productRef = 92111F662BBBDABF0045638C /* FirebaseFirestore */; };
		92111F692BBBDABF0045638C /* FirebaseFirestoreSwift in Frameworks */ = {isa = PBXBuildFile; productRef = 92111F682BBBDABF0045638C /* FirebaseFirestoreSwift */; };
		92111F6C2BBBDAE40045638C /* GoogleSignIn in Frameworks */ = {isa = PBXBuildFile; productRef = 92111F6B2BBBDAE40045638C /* GoogleSignIn */; };
		92111F6E2BBBDAE40045638C /* GoogleSignInSwift in Frameworks */ = {isa = PBXBuildFile; productRef = 92111F6D2BBBDAE40045638C /* GoogleSignInSwift */; };
		92111F722BBBE1040045638C /* SplashView.swift in Sources */ = {isa = PBXBuildFile; fileRef = 92111F712BBBE1040045638C /* SplashView.swift */; };
		92111FA22BBBE14D0045638C /* AuthenticationView.swift in Sources */ = {isa = PBXBuildFile; fileRef = 92111F732BBBE14C0045638C /* AuthenticationView.swift */; };
		92111FA32BBBE14D0045638C /* AuthenticationViewModel.swift in Sources */ = {isa = PBXBuildFile; fileRef = 92111F742BBBE14C0045638C /* AuthenticationViewModel.swift */; };
		92111FA42BBBE14D0045638C /* ProductsCellView.swift in Sources */ = {isa = PBXBuildFile; fileRef = 92111F762BBBE14C0045638C /* ProductsCellView.swift */; };
		92111FA52BBBE14D0045638C /* ProductsView.swift in Sources */ = {isa = PBXBuildFile; fileRef = 92111F782BBBE14C0045638C /* ProductsView.swift */; };
		92111FA62BBBE14D0045638C /* SettingsView.swift in Sources */ = {isa = PBXBuildFile; fileRef = 92111F7A2BBBE14C0045638C /* SettingsView.swift */; };
		92111FA72BBBE14D0045638C /* SettingsViewModel.swift in Sources */ = {isa = PBXBuildFile; fileRef = 92111F7B2BBBE14C0045638C /* SettingsViewModel.swift */; };
		92111FA82BBBE14D0045638C /* EmailSignInView.swift in Sources */ = {isa = PBXBuildFile; fileRef = 92111F7D2BBBE14C0045638C /* EmailSignInView.swift */; };
		92111FA92BBBE14D0045638C /* EmailSignInViewModel.swift in Sources */ = {isa = PBXBuildFile; fileRef = 92111F7E2BBBE14C0045638C /* EmailSignInViewModel.swift */; };
		92111FAA2BBBE14D0045638C /* EmailSignUpView.swift in Sources */ = {isa = PBXBuildFile; fileRef = 92111F7F2BBBE14C0045638C /* EmailSignUpView.swift */; };
		92111FAB2BBBE14D0045638C /* EmailSignUpViewModel.swift in Sources */ = {isa = PBXBuildFile; fileRef = 92111F802BBBE14C0045638C /* EmailSignUpViewModel.swift */; };
		92111FAC2BBBE14D0045638C /* ContentView.swift in Sources */ = {isa = PBXBuildFile; fileRef = 92111F822BBBE14C0045638C /* ContentView.swift */; };
		92111FAD2BBBE14D0045638C /* HomeView.swift in Sources */ = {isa = PBXBuildFile; fileRef = 92111F832BBBE14C0045638C /* HomeView.swift */; };
		92111FAE2BBBE14D0045638C /* MessagesView.swift in Sources */ = {isa = PBXBuildFile; fileRef = 92111F842BBBE14C0045638C /* MessagesView.swift */; };
		92111FAF2BBBE14D0045638C /* NetworkView.swift in Sources */ = {isa = PBXBuildFile; fileRef = 92111F852BBBE14C0045638C /* NetworkView.swift */; };
		92111FB02BBBE14D0045638C /* ProfileView.swift in Sources */ = {isa = PBXBuildFile; fileRef = 92111F862BBBE14C0045638C /* ProfileView.swift */; };
		92111FB12BBBE14D0045638C /* ProjectsView.swift in Sources */ = {isa = PBXBuildFile; fileRef = 92111F872BBBE14C0045638C /* ProjectsView.swift */; };
		92111FB22BBBE14D0045638C /* AppleSignUpView.swift in Sources */ = {isa = PBXBuildFile; fileRef = 92111F892BBBE14D0045638C /* AppleSignUpView.swift */; };
		92111FB32BBBE14D0045638C /* FacebookSignUpView.swift in Sources */ = {isa = PBXBuildFile; fileRef = 92111F8A2BBBE14D0045638C /* FacebookSignUpView.swift */; };
		92111FB42BBBE14D0045638C /* GoogleSignUpView.swift in Sources */ = {isa = PBXBuildFile; fileRef = 92111F8B2BBBE14D0045638C /* GoogleSignUpView.swift */; };
		92111FB52BBBE14D0045638C /* AuthenticationManager.swift in Sources */ = {isa = PBXBuildFile; fileRef = 92111F8D2BBBE14D0045638C /* AuthenticationManager.swift */; };
		92111FB62BBBE14D0045638C /* SignInAppleHelper.swift in Sources */ = {isa = PBXBuildFile; fileRef = 92111F8E2BBBE14D0045638C /* SignInAppleHelper.swift */; };
		92111FB72BBBE14D0045638C /* SignInGoogleHelper.swift in Sources */ = {isa = PBXBuildFile; fileRef = 92111F8F2BBBE14D0045638C /* SignInGoogleHelper.swift */; };
		92111FB82BBBE14D0045638C /* SignInWithGoogleHelper_NotUsed.swift in Sources */ = {isa = PBXBuildFile; fileRef = 92111F902BBBE14D0045638C /* SignInWithGoogleHelper_NotUsed.swift */; };
		92111FB92BBBE14D0045638C /* Test.swift in Sources */ = {isa = PBXBuildFile; fileRef = 92111F912BBBE14D0045638C /* Test.swift */; };
		92111FBA2BBBE14D0045638C /* Test2.swift in Sources */ = {isa = PBXBuildFile; fileRef = 92111F922BBBE14D0045638C /* Test2.swift */; };
		92111FBB2BBBE14D0045638C /* xSignInView.swift in Sources */ = {isa = PBXBuildFile; fileRef = 92111F932BBBE14D0045638C /* xSignInView.swift */; };
		92111FBC2BBBE14D0045638C /* ProductsManager.swift in Sources */ = {isa = PBXBuildFile; fileRef = 92111F952BBBE14D0045638C /* ProductsManager.swift */; };
		92111FBD2BBBE14D0045638C /* UserManager.swift in Sources */ = {isa = PBXBuildFile; fileRef = 92111F962BBBE14D0045638C /* UserManager.swift */; };
		92111FBE2BBBE14D0045638C /* AdwumaXView.swift in Sources */ = {isa = PBXBuildFile; fileRef = 92111F982BBBE14D0045638C /* AdwumaXView.swift */; };
		92111FBF2BBBE14D0045638C /* Icon.swift in Sources */ = {isa = PBXBuildFile; fileRef = 92111F992BBBE14D0045638C /* Icon.swift */; };
		92111FC02BBBE14D0045638C /* BorderedTextField.swift in Sources */ = {isa = PBXBuildFile; fileRef = 92111F9B2BBBE14D0045638C /* BorderedTextField.swift */; };
		92111FC12BBBE14D0045638C /* ClearButton.swift in Sources */ = {isa = PBXBuildFile; fileRef = 92111F9C2BBBE14D0045638C /* ClearButton.swift */; };
		92111FC22BBBE14D0045638C /* Consts.swift in Sources */ = {isa = PBXBuildFile; fileRef = 92111F9D2BBBE14D0045638C /* Consts.swift */; };
		92111FC32BBBE14D0045638C /* MotoView.swift in Sources */ = {isa = PBXBuildFile; fileRef = 92111F9E2BBBE14D0045638C /* MotoView.swift */; };
		92111FC42BBBE14D0045638C /* ProductDatabase.swift in Sources */ = {isa = PBXBuildFile; fileRef = 92111F9F2BBBE14D0045638C /* ProductDatabase.swift */; };
		92111FC52BBBE14D0045638C /* Utilities.swift in Sources */ = {isa = PBXBuildFile; fileRef = 92111FA02BBBE14D0045638C /* Utilities.swift */; };
/* End PBXBuildFile section */

/* Begin PBXContainerItemProxy section */
		92111F412BBBD29B0045638C /* PBXContainerItemProxy */ = {
			isa = PBXContainerItemProxy;
			containerPortal = 92111F282BBBD2990045638C /* Project object */;
			proxyType = 1;
			remoteGlobalIDString = 92111F2F2BBBD2990045638C;
			remoteInfo = AdwumaX;
		};
		92111F4B2BBBD29C0045638C /* PBXContainerItemProxy */ = {
			isa = PBXContainerItemProxy;
			containerPortal = 92111F282BBBD2990045638C /* Project object */;
			proxyType = 1;
			remoteGlobalIDString = 92111F2F2BBBD2990045638C;
			remoteInfo = AdwumaX;
		};
/* End PBXContainerItemProxy section */

/* Begin PBXFileReference section */
		92111F302BBBD2990045638C /* AdwumaX.app */ = {isa = PBXFileReference; explicitFileType = wrapper.application; includeInIndex = 0; path = AdwumaX.app; sourceTree = BUILT_PRODUCTS_DIR; };
		92111F332BBBD2990045638C /* AdwumaXApp.swift */ = {isa = PBXFileReference; lastKnownFileType = sourcecode.swift; path = AdwumaXApp.swift; sourceTree = "<group>"; };
		92111F372BBBD29B0045638C /* Assets.xcassets */ = {isa = PBXFileReference; lastKnownFileType = folder.assetcatalog; path = Assets.xcassets; sourceTree = "<group>"; };
		92111F3A2BBBD29B0045638C /* Preview Assets.xcassets */ = {isa = PBXFileReference; lastKnownFileType = folder.assetcatalog; path = "Preview Assets.xcassets"; sourceTree = "<group>"; };
		92111F402BBBD29B0045638C /* AdwumaXTests.xctest */ = {isa = PBXFileReference; explicitFileType = wrapper.cfbundle; includeInIndex = 0; path = AdwumaXTests.xctest; sourceTree = BUILT_PRODUCTS_DIR; };
		92111F442BBBD29C0045638C /* AdwumaXTests.swift */ = {isa = PBXFileReference; lastKnownFileType = sourcecode.swift; path = AdwumaXTests.swift; sourceTree = "<group>"; };
		92111F4A2BBBD29C0045638C /* AdwumaXUITests.xctest */ = {isa = PBXFileReference; explicitFileType = wrapper.cfbundle; includeInIndex = 0; path = AdwumaXUITests.xctest; sourceTree = BUILT_PRODUCTS_DIR; };
		92111F4E2BBBD29C0045638C /* AdwumaXUITests.swift */ = {isa = PBXFileReference; lastKnownFileType = sourcecode.swift; path = AdwumaXUITests.swift; sourceTree = "<group>"; };
		92111F502BBBD29C0045638C /* AdwumaXUITestsLaunchTests.swift */ = {isa = PBXFileReference; lastKnownFileType = sourcecode.swift; path = AdwumaXUITestsLaunchTests.swift; sourceTree = "<group>"; };
		92111F5D2BBBDA4B0045638C /* GoogleService-Info.plist */ = {isa = PBXFileReference; fileEncoding = 4; lastKnownFileType = text.plist.xml; path = "GoogleService-Info.plist"; sourceTree = "<group>"; };
		92111F6F2BBBDD290045638C /* Info.plist */ = {isa = PBXFileReference; lastKnownFileType = text.plist; path = Info.plist; sourceTree = "<group>"; };
		92111F702BBBDDE70045638C /* AdwumaX.entitlements */ = {isa = PBXFileReference; lastKnownFileType = text.plist.entitlements; path = AdwumaX.entitlements; sourceTree = "<group>"; };
		92111F712BBBE1040045638C /* SplashView.swift */ = {isa = PBXFileReference; fileEncoding = 4; lastKnownFileType = sourcecode.swift; path = SplashView.swift; sourceTree = "<group>"; };
		92111F732BBBE14C0045638C /* AuthenticationView.swift */ = {isa = PBXFileReference; fileEncoding = 4; lastKnownFileType = sourcecode.swift; path = AuthenticationView.swift; sourceTree = "<group>"; };
		92111F742BBBE14C0045638C /* AuthenticationViewModel.swift */ = {isa = PBXFileReference; fileEncoding = 4; lastKnownFileType = sourcecode.swift; path = AuthenticationViewModel.swift; sourceTree = "<group>"; };
		92111F762BBBE14C0045638C /* ProductsCellView.swift */ = {isa = PBXFileReference; fileEncoding = 4; lastKnownFileType = sourcecode.swift; path = ProductsCellView.swift; sourceTree = "<group>"; };
		92111F782BBBE14C0045638C /* ProductsView.swift */ = {isa = PBXFileReference; fileEncoding = 4; lastKnownFileType = sourcecode.swift; path = ProductsView.swift; sourceTree = "<group>"; };
		92111F7A2BBBE14C0045638C /* SettingsView.swift */ = {isa = PBXFileReference; fileEncoding = 4; lastKnownFileType = sourcecode.swift; path = SettingsView.swift; sourceTree = "<group>"; };
		92111F7B2BBBE14C0045638C /* SettingsViewModel.swift */ = {isa = PBXFileReference; fileEncoding = 4; lastKnownFileType = sourcecode.swift; path = SettingsViewModel.swift; sourceTree = "<group>"; };
		92111F7D2BBBE14C0045638C /* EmailSignInView.swift */ = {isa = PBXFileReference; fileEncoding = 4; lastKnownFileType = sourcecode.swift; path = EmailSignInView.swift; sourceTree = "<group>"; };
		92111F7E2BBBE14C0045638C /* EmailSignInViewModel.swift */ = {isa = PBXFileReference; fileEncoding = 4; lastKnownFileType = sourcecode.swift; path = EmailSignInViewModel.swift; sourceTree = "<group>"; };
		92111F7F2BBBE14C0045638C /* EmailSignUpView.swift */ = {isa = PBXFileReference; fileEncoding = 4; lastKnownFileType = sourcecode.swift; path = EmailSignUpView.swift; sourceTree = "<group>"; };
		92111F802BBBE14C0045638C /* EmailSignUpViewModel.swift */ = {isa = PBXFileReference; fileEncoding = 4; lastKnownFileType = sourcecode.swift; path = EmailSignUpViewModel.swift; sourceTree = "<group>"; };
		92111F822BBBE14C0045638C /* ContentView.swift */ = {isa = PBXFileReference; fileEncoding = 4; lastKnownFileType = sourcecode.swift; path = ContentView.swift; sourceTree = "<group>"; };
		92111F832BBBE14C0045638C /* HomeView.swift */ = {isa = PBXFileReference; fileEncoding = 4; lastKnownFileType = sourcecode.swift; path = HomeView.swift; sourceTree = "<group>"; };
		92111F842BBBE14C0045638C /* MessagesView.swift */ = {isa = PBXFileReference; fileEncoding = 4; lastKnownFileType = sourcecode.swift; path = MessagesView.swift; sourceTree = "<group>"; };
		92111F852BBBE14C0045638C /* NetworkView.swift */ = {isa = PBXFileReference; fileEncoding = 4; lastKnownFileType = sourcecode.swift; path = NetworkView.swift; sourceTree = "<group>"; };
		92111F862BBBE14C0045638C /* ProfileView.swift */ = {isa = PBXFileReference; fileEncoding = 4; lastKnownFileType = sourcecode.swift; path = ProfileView.swift; sourceTree = "<group>"; };
		92111F872BBBE14C0045638C /* ProjectsView.swift */ = {isa = PBXFileReference; fileEncoding = 4; lastKnownFileType = sourcecode.swift; path = ProjectsView.swift; sourceTree = "<group>"; };
		92111F892BBBE14D0045638C /* AppleSignUpView.swift */ = {isa = PBXFileReference; fileEncoding = 4; lastKnownFileType = sourcecode.swift; path = AppleSignUpView.swift; sourceTree = "<group>"; };
		92111F8A2BBBE14D0045638C /* FacebookSignUpView.swift */ = {isa = PBXFileReference; fileEncoding = 4; lastKnownFileType = sourcecode.swift; path = FacebookSignUpView.swift; sourceTree = "<group>"; };
		92111F8B2BBBE14D0045638C /* GoogleSignUpView.swift */ = {isa = PBXFileReference; fileEncoding = 4; lastKnownFileType = sourcecode.swift; path = GoogleSignUpView.swift; sourceTree = "<group>"; };
		92111F8D2BBBE14D0045638C /* AuthenticationManager.swift */ = {isa = PBXFileReference; fileEncoding = 4; lastKnownFileType = sourcecode.swift; path = AuthenticationManager.swift; sourceTree = "<group>"; };
		92111F8E2BBBE14D0045638C /* SignInAppleHelper.swift */ = {isa = PBXFileReference; fileEncoding = 4; lastKnownFileType = sourcecode.swift; path = SignInAppleHelper.swift; sourceTree = "<group>"; };
		92111F8F2BBBE14D0045638C /* SignInGoogleHelper.swift */ = {isa = PBXFileReference; fileEncoding = 4; lastKnownFileType = sourcecode.swift; path = SignInGoogleHelper.swift; sourceTree = "<group>"; };
		92111F902BBBE14D0045638C /* SignInWithGoogleHelper_NotUsed.swift */ = {isa = PBXFileReference; fileEncoding = 4; lastKnownFileType = sourcecode.swift; path = SignInWithGoogleHelper_NotUsed.swift; sourceTree = "<group>"; };
		92111F912BBBE14D0045638C /* Test.swift */ = {isa = PBXFileReference; fileEncoding = 4; lastKnownFileType = sourcecode.swift; path = Test.swift; sourceTree = "<group>"; };
		92111F922BBBE14D0045638C /* Test2.swift */ = {isa = PBXFileReference; fileEncoding = 4; lastKnownFileType = sourcecode.swift; path = Test2.swift; sourceTree = "<group>"; };
		92111F932BBBE14D0045638C /* xSignInView.swift */ = {isa = PBXFileReference; fileEncoding = 4; lastKnownFileType = sourcecode.swift; path = xSignInView.swift; sourceTree = "<group>"; };
		92111F952BBBE14D0045638C /* ProductsManager.swift */ = {isa = PBXFileReference; fileEncoding = 4; lastKnownFileType = sourcecode.swift; path = ProductsManager.swift; sourceTree = "<group>"; };
		92111F962BBBE14D0045638C /* UserManager.swift */ = {isa = PBXFileReference; fileEncoding = 4; lastKnownFileType = sourcecode.swift; path = UserManager.swift; sourceTree = "<group>"; };
		92111F982BBBE14D0045638C /* AdwumaXView.swift */ = {isa = PBXFileReference; fileEncoding = 4; lastKnownFileType = sourcecode.swift; path = AdwumaXView.swift; sourceTree = "<group>"; };
		92111F992BBBE14D0045638C /* Icon.swift */ = {isa = PBXFileReference; fileEncoding = 4; lastKnownFileType = sourcecode.swift; path = Icon.swift; sourceTree = "<group>"; };
		92111F9B2BBBE14D0045638C /* BorderedTextField.swift */ = {isa = PBXFileReference; fileEncoding = 4; lastKnownFileType = sourcecode.swift; path = BorderedTextField.swift; sourceTree = "<group>"; };
		92111F9C2BBBE14D0045638C /* ClearButton.swift */ = {isa = PBXFileReference; fileEncoding = 4; lastKnownFileType = sourcecode.swift; path = ClearButton.swift; sourceTree = "<group>"; };
		92111F9D2BBBE14D0045638C /* Consts.swift */ = {isa = PBXFileReference; fileEncoding = 4; lastKnownFileType = sourcecode.swift; path = Consts.swift; sourceTree = "<group>"; };
		92111F9E2BBBE14D0045638C /* MotoView.swift */ = {isa = PBXFileReference; fileEncoding = 4; lastKnownFileType = sourcecode.swift; path = MotoView.swift; sourceTree = "<group>"; };
		92111F9F2BBBE14D0045638C /* ProductDatabase.swift */ = {isa = PBXFileReference; fileEncoding = 4; lastKnownFileType = sourcecode.swift; path = ProductDatabase.swift; sourceTree = "<group>"; };
		92111FA02BBBE14D0045638C /* Utilities.swift */ = {isa = PBXFileReference; fileEncoding = 4; lastKnownFileType = sourcecode.swift; path = Utilities.swift; sourceTree = "<group>"; };
/* End PBXFileReference section */

/* Begin PBXFrameworksBuildPhase section */
		92111F2D2BBBD2990045638C /* Frameworks */ = {
			isa = PBXFrameworksBuildPhase;
			buildActionMask = 2147483647;
			files = (
				92111F692BBBDABF0045638C /* FirebaseFirestoreSwift in Frameworks */,
				92111F632BBBDABF0045638C /* FirebaseAnalyticsSwift in Frameworks */,
				92111F6E2BBBDAE40045638C /* GoogleSignInSwift in Frameworks */,
				92111F672BBBDABF0045638C /* FirebaseFirestore in Frameworks */,
				92111F652BBBDABF0045638C /* FirebaseAuth in Frameworks */,
				92111F612BBBDABF0045638C /* FirebaseAnalytics in Frameworks */,
				92111F6C2BBBDAE40045638C /* GoogleSignIn in Frameworks */,
			);
			runOnlyForDeploymentPostprocessing = 0;
		};
		92111F3D2BBBD29B0045638C /* Frameworks */ = {
			isa = PBXFrameworksBuildPhase;
			buildActionMask = 2147483647;
			files = (
			);
			runOnlyForDeploymentPostprocessing = 0;
		};
		92111F472BBBD29C0045638C /* Frameworks */ = {
			isa = PBXFrameworksBuildPhase;
			buildActionMask = 2147483647;
			files = (
			);
			runOnlyForDeploymentPostprocessing = 0;
		};
/* End PBXFrameworksBuildPhase section */

/* Begin PBXGroup section */
		92111F272BBBD2990045638C = {
			isa = PBXGroup;
			children = (
				92111F322BBBD2990045638C /* AdwumaX */,
				92111F432BBBD29C0045638C /* AdwumaXTests */,
				92111F4D2BBBD29C0045638C /* AdwumaXUITests */,
				92111F312BBBD2990045638C /* Products */,
			);
			sourceTree = "<group>";
		};
		92111F312BBBD2990045638C /* Products */ = {
			isa = PBXGroup;
			children = (
				92111F302BBBD2990045638C /* AdwumaX.app */,
				92111F402BBBD29B0045638C /* AdwumaXTests.xctest */,
				92111F4A2BBBD29C0045638C /* AdwumaXUITests.xctest */,
			);
			name = Products;
			sourceTree = "<group>";
		};
		92111F322BBBD2990045638C /* AdwumaX */ = {
			isa = PBXGroup;
			children = (
				92111F942BBBE14D0045638C /* Authentication */,
				92111F882BBBE14C0045638C /* Core */,
				92111F972BBBE14D0045638C /* firestore */,
				92111F8C2BBBE14D0045638C /* sign up */,
				92111FA12BBBE14D0045638C /* Utilities */,
				92111F332BBBD2990045638C /* AdwumaXApp.swift */,
				92111F712BBBE1040045638C /* SplashView.swift */,
				92111F372BBBD29B0045638C /* Assets.xcassets */,
				92111F5D2BBBDA4B0045638C /* GoogleService-Info.plist */,
				92111F6F2BBBDD290045638C /* Info.plist */,
				92111F702BBBDDE70045638C /* AdwumaX.entitlements */,
				92111F392BBBD29B0045638C /* Preview Content */,
			);
			path = AdwumaX;
			sourceTree = "<group>";
		};
		92111F392BBBD29B0045638C /* Preview Content */ = {
			isa = PBXGroup;
			children = (
				92111F3A2BBBD29B0045638C /* Preview Assets.xcassets */,
			);
			path = "Preview Content";
			sourceTree = "<group>";
		};
		92111F432BBBD29C0045638C /* AdwumaXTests */ = {
			isa = PBXGroup;
			children = (
				92111F442BBBD29C0045638C /* AdwumaXTests.swift */,
			);
			path = AdwumaXTests;
			sourceTree = "<group>";
		};
		92111F4D2BBBD29C0045638C /* AdwumaXUITests */ = {
			isa = PBXGroup;
			children = (
				92111F4E2BBBD29C0045638C /* AdwumaXUITests.swift */,
				92111F502BBBD29C0045638C /* AdwumaXUITestsLaunchTests.swift */,
			);
			path = AdwumaXUITests;
			sourceTree = "<group>";
		};
		92111F752BBBE14C0045638C /* Authentication */ = {
			isa = PBXGroup;
			children = (
				92111F732BBBE14C0045638C /* AuthenticationView.swift */,
				92111F742BBBE14C0045638C /* AuthenticationViewModel.swift */,
			);
			path = Authentication;
			sourceTree = "<group>";
		};
		92111F772BBBE14C0045638C /* Subviews */ = {
			isa = PBXGroup;
			children = (
				92111F762BBBE14C0045638C /* ProductsCellView.swift */,
			);
			path = Subviews;
			sourceTree = "<group>";
		};
		92111F792BBBE14C0045638C /* Products */ = {
			isa = PBXGroup;
			children = (
				92111F772BBBE14C0045638C /* Subviews */,
				92111F782BBBE14C0045638C /* ProductsView.swift */,
			);
			path = Products;
			sourceTree = "<group>";
		};
		92111F7C2BBBE14C0045638C /* Settings */ = {
			isa = PBXGroup;
			children = (
				92111F7A2BBBE14C0045638C /* SettingsView.swift */,
				92111F7B2BBBE14C0045638C /* SettingsViewModel.swift */,
			);
			path = Settings;
			sourceTree = "<group>";
		};
		92111F812BBBE14C0045638C /* Subviews */ = {
			isa = PBXGroup;
			children = (
				92111F7D2BBBE14C0045638C /* EmailSignInView.swift */,
				92111F7E2BBBE14C0045638C /* EmailSignInViewModel.swift */,
				92111F7F2BBBE14C0045638C /* EmailSignUpView.swift */,
				92111F802BBBE14C0045638C /* EmailSignUpViewModel.swift */,
			);
			path = Subviews;
			sourceTree = "<group>";
		};
		92111F882BBBE14C0045638C /* Core */ = {
			isa = PBXGroup;
			children = (
				92111F752BBBE14C0045638C /* Authentication */,
				92111F792BBBE14C0045638C /* Products */,
				92111F7C2BBBE14C0045638C /* Settings */,
				92111F812BBBE14C0045638C /* Subviews */,
				92111F822BBBE14C0045638C /* ContentView.swift */,
				92111F832BBBE14C0045638C /* HomeView.swift */,
				92111F842BBBE14C0045638C /* MessagesView.swift */,
				92111F852BBBE14C0045638C /* NetworkView.swift */,
				92111F862BBBE14C0045638C /* ProfileView.swift */,
				92111F872BBBE14C0045638C /* ProjectsView.swift */,
			);
			path = Core;
			sourceTree = "<group>";
		};
		92111F8C2BBBE14D0045638C /* sign up */ = {
			isa = PBXGroup;
			children = (
				92111F892BBBE14D0045638C /* AppleSignUpView.swift */,
				92111F8A2BBBE14D0045638C /* FacebookSignUpView.swift */,
				92111F8B2BBBE14D0045638C /* GoogleSignUpView.swift */,
			);
			path = "sign up";
			sourceTree = "<group>";
		};
		92111F942BBBE14D0045638C /* Authentication */ = {
			isa = PBXGroup;
			children = (
				92111F8D2BBBE14D0045638C /* AuthenticationManager.swift */,
				92111F8E2BBBE14D0045638C /* SignInAppleHelper.swift */,
				92111F8F2BBBE14D0045638C /* SignInGoogleHelper.swift */,
				92111F902BBBE14D0045638C /* SignInWithGoogleHelper_NotUsed.swift */,
				92111F912BBBE14D0045638C /* Test.swift */,
				92111F922BBBE14D0045638C /* Test2.swift */,
				92111F932BBBE14D0045638C /* xSignInView.swift */,
			);
			path = Authentication;
			sourceTree = "<group>";
		};
		92111F972BBBE14D0045638C /* firestore */ = {
			isa = PBXGroup;
			children = (
				92111F952BBBE14D0045638C /* ProductsManager.swift */,
				92111F962BBBE14D0045638C /* UserManager.swift */,
			);
			path = firestore;
			sourceTree = "<group>";
		};
		92111F9A2BBBE14D0045638C /* icon */ = {
			isa = PBXGroup;
			children = (
				92111F982BBBE14D0045638C /* AdwumaXView.swift */,
				92111F992BBBE14D0045638C /* Icon.swift */,
			);
			path = icon;
			sourceTree = "<group>";
		};
		92111FA12BBBE14D0045638C /* Utilities */ = {
			isa = PBXGroup;
			children = (
				92111F9A2BBBE14D0045638C /* icon */,
				92111F9B2BBBE14D0045638C /* BorderedTextField.swift */,
				92111F9C2BBBE14D0045638C /* ClearButton.swift */,
				92111F9D2BBBE14D0045638C /* Consts.swift */,
				92111F9E2BBBE14D0045638C /* MotoView.swift */,
				92111F9F2BBBE14D0045638C /* ProductDatabase.swift */,
				92111FA02BBBE14D0045638C /* Utilities.swift */,
			);
			path = Utilities;
			sourceTree = "<group>";
		};
/* End PBXGroup section */

/* Begin PBXNativeTarget section */
		92111F2F2BBBD2990045638C /* AdwumaX */ = {
			isa = PBXNativeTarget;
			buildConfigurationList = 92111F542BBBD29C0045638C /* Build configuration list for PBXNativeTarget "AdwumaX" */;
			buildPhases = (
				92111F2C2BBBD2990045638C /* Sources */,
				92111F2D2BBBD2990045638C /* Frameworks */,
				92111F2E2BBBD2990045638C /* Resources */,
			);
			buildRules = (
			);
			dependencies = (
			);
			name = AdwumaX;
			packageProductDependencies = (
				92111F602BBBDABF0045638C /* FirebaseAnalytics */,
				92111F622BBBDABF0045638C /* FirebaseAnalyticsSwift */,
				92111F642BBBDABF0045638C /* FirebaseAuth */,
				92111F662BBBDABF0045638C /* FirebaseFirestore */,
				92111F682BBBDABF0045638C /* FirebaseFirestoreSwift */,
				92111F6B2BBBDAE40045638C /* GoogleSignIn */,
				92111F6D2BBBDAE40045638C /* GoogleSignInSwift */,
			);
			productName = AdwumaX;
			productReference = 92111F302BBBD2990045638C /* AdwumaX.app */;
			productType = "com.apple.product-type.application";
		};
		92111F3F2BBBD29B0045638C /* AdwumaXTests */ = {
			isa = PBXNativeTarget;
			buildConfigurationList = 92111F572BBBD29C0045638C /* Build configuration list for PBXNativeTarget "AdwumaXTests" */;
			buildPhases = (
				92111F3C2BBBD29B0045638C /* Sources */,
				92111F3D2BBBD29B0045638C /* Frameworks */,
				92111F3E2BBBD29B0045638C /* Resources */,
			);
			buildRules = (
			);
			dependencies = (
				92111F422BBBD29B0045638C /* PBXTargetDependency */,
			);
			name = AdwumaXTests;
			productName = AdwumaXTests;
			productReference = 92111F402BBBD29B0045638C /* AdwumaXTests.xctest */;
			productType = "com.apple.product-type.bundle.unit-test";
		};
		92111F492BBBD29C0045638C /* AdwumaXUITests */ = {
			isa = PBXNativeTarget;
			buildConfigurationList = 92111F5A2BBBD29C0045638C /* Build configuration list for PBXNativeTarget "AdwumaXUITests" */;
			buildPhases = (
				92111F462BBBD29C0045638C /* Sources */,
				92111F472BBBD29C0045638C /* Frameworks */,
				92111F482BBBD29C0045638C /* Resources */,
			);
			buildRules = (
			);
			dependencies = (
				92111F4C2BBBD29C0045638C /* PBXTargetDependency */,
			);
			name = AdwumaXUITests;
			productName = AdwumaXUITests;
			productReference = 92111F4A2BBBD29C0045638C /* AdwumaXUITests.xctest */;
			productType = "com.apple.product-type.bundle.ui-testing";
		};
/* End PBXNativeTarget section */

/* Begin PBXProject section */
		92111F282BBBD2990045638C /* Project object */ = {
			isa = PBXProject;
			attributes = {
				BuildIndependentTargetsInParallel = 1;
				LastSwiftUpdateCheck = 1530;
				LastUpgradeCheck = 1530;
				TargetAttributes = {
					92111F2F2BBBD2990045638C = {
						CreatedOnToolsVersion = 15.3;
					};
					92111F3F2BBBD29B0045638C = {
						CreatedOnToolsVersion = 15.3;
						TestTargetID = 92111F2F2BBBD2990045638C;
					};
					92111F492BBBD29C0045638C = {
						CreatedOnToolsVersion = 15.3;
						TestTargetID = 92111F2F2BBBD2990045638C;
					};
				};
			};
			buildConfigurationList = 92111F2B2BBBD2990045638C /* Build configuration list for PBXProject "AdwumaX" */;
			compatibilityVersion = "Xcode 14.0";
			developmentRegion = en;
			hasScannedForEncodings = 0;
			knownRegions = (
				en,
				Base,
			);
			mainGroup = 92111F272BBBD2990045638C;
			packageReferences = (
				92111F5F2BBBDABF0045638C /* XCRemoteSwiftPackageReference "firebase-ios-sdk" */,
				92111F6A2BBBDAE40045638C /* XCRemoteSwiftPackageReference "GoogleSignIn-iOS" */,
			);
			productRefGroup = 92111F312BBBD2990045638C /* Products */;
			projectDirPath = "";
			projectRoot = "";
			targets = (
				92111F2F2BBBD2990045638C /* AdwumaX */,
				92111F3F2BBBD29B0045638C /* AdwumaXTests */,
				92111F492BBBD29C0045638C /* AdwumaXUITests */,
			);
		};
/* End PBXProject section */

/* Begin PBXResourcesBuildPhase section */
		92111F2E2BBBD2990045638C /* Resources */ = {
			isa = PBXResourcesBuildPhase;
			buildActionMask = 2147483647;
			files = (
				92111F3B2BBBD29B0045638C /* Preview Assets.xcassets in Resources */,
				92111F382BBBD29B0045638C /* Assets.xcassets in Resources */,
				92111F5E2BBBDA4B0045638C /* GoogleService-Info.plist in Resources */,
			);
			runOnlyForDeploymentPostprocessing = 0;
		};
		92111F3E2BBBD29B0045638C /* Resources */ = {
			isa = PBXResourcesBuildPhase;
			buildActionMask = 2147483647;
			files = (
			);
			runOnlyForDeploymentPostprocessing = 0;
		};
		92111F482BBBD29C0045638C /* Resources */ = {
			isa = PBXResourcesBuildPhase;
			buildActionMask = 2147483647;
			files = (
			);
			runOnlyForDeploymentPostprocessing = 0;
		};
/* End PBXResourcesBuildPhase section */

/* Begin PBXSourcesBuildPhase section */
		92111F2C2BBBD2990045638C /* Sources */ = {
			isa = PBXSourcesBuildPhase;
			buildActionMask = 2147483647;
			files = (
				92111FA62BBBE14D0045638C /* SettingsView.swift in Sources */,
				92111FAF2BBBE14D0045638C /* NetworkView.swift in Sources */,
				92111FAD2BBBE14D0045638C /* HomeView.swift in Sources */,
				92111FC12BBBE14D0045638C /* ClearButton.swift in Sources */,
				92111FBC2BBBE14D0045638C /* ProductsManager.swift in Sources */,
				92111FB22BBBE14D0045638C /* AppleSignUpView.swift in Sources */,
				92111FA32BBBE14D0045638C /* AuthenticationViewModel.swift in Sources */,
				92111F342BBBD2990045638C /* AdwumaXApp.swift in Sources */,
				92111FA82BBBE14D0045638C /* EmailSignInView.swift in Sources */,
				92111FB12BBBE14D0045638C /* ProjectsView.swift in Sources */,
				92111FB62BBBE14D0045638C /* SignInAppleHelper.swift in Sources */,
				92111FC32BBBE14D0045638C /* MotoView.swift in Sources */,
				92111FC22BBBE14D0045638C /* Consts.swift in Sources */,
				92111FAE2BBBE14D0045638C /* MessagesView.swift in Sources */,
				92111FA52BBBE14D0045638C /* ProductsView.swift in Sources */,
				92111FB32BBBE14D0045638C /* FacebookSignUpView.swift in Sources */,
				92111FBA2BBBE14D0045638C /* Test2.swift in Sources */,
				92111FBF2BBBE14D0045638C /* Icon.swift in Sources */,
				92111FA42BBBE14D0045638C /* ProductsCellView.swift in Sources */,
				92111FB02BBBE14D0045638C /* ProfileView.swift in Sources */,
				92111FB52BBBE14D0045638C /* AuthenticationManager.swift in Sources */,
				92111F722BBBE1040045638C /* SplashView.swift in Sources */,
				92111FBD2BBBE14D0045638C /* UserManager.swift in Sources */,
				92111FB72BBBE14D0045638C /* SignInGoogleHelper.swift in Sources */,
				92111FB42BBBE14D0045638C /* GoogleSignUpView.swift in Sources */,
				92111FAB2BBBE14D0045638C /* EmailSignUpViewModel.swift in Sources */,
				92111FB92BBBE14D0045638C /* Test.swift in Sources */,
				92111FA92BBBE14D0045638C /* EmailSignInViewModel.swift in Sources */,
				92111FBE2BBBE14D0045638C /* AdwumaXView.swift in Sources */,
				92111FA22BBBE14D0045638C /* AuthenticationView.swift in Sources */,
				92111FAC2BBBE14D0045638C /* ContentView.swift in Sources */,
				92111FC42BBBE14D0045638C /* ProductDatabase.swift in Sources */,
				92111FC52BBBE14D0045638C /* Utilities.swift in Sources */,
				92111FA72BBBE14D0045638C /* SettingsViewModel.swift in Sources */,
				92111FC02BBBE14D0045638C /* BorderedTextField.swift in Sources */,
				92111FB82BBBE14D0045638C /* SignInWithGoogleHelper_NotUsed.swift in Sources */,
				92111FAA2BBBE14D0045638C /* EmailSignUpView.swift in Sources */,
				92111FBB2BBBE14D0045638C /* xSignInView.swift in Sources */,
			);
			runOnlyForDeploymentPostprocessing = 0;
		};
		92111F3C2BBBD29B0045638C /* Sources */ = {
			isa = PBXSourcesBuildPhase;
			buildActionMask = 2147483647;
			files = (
				92111F452BBBD29C0045638C /* AdwumaXTests.swift in Sources */,
			);
			runOnlyForDeploymentPostprocessing = 0;
		};
		92111F462BBBD29C0045638C /* Sources */ = {
			isa = PBXSourcesBuildPhase;
			buildActionMask = 2147483647;
			files = (
				92111F512BBBD29C0045638C /* AdwumaXUITestsLaunchTests.swift in Sources */,
				92111F4F2BBBD29C0045638C /* AdwumaXUITests.swift in Sources */,
			);
			runOnlyForDeploymentPostprocessing = 0;
		};
/* End PBXSourcesBuildPhase section */

/* Begin PBXTargetDependency section */
		92111F422BBBD29B0045638C /* PBXTargetDependency */ = {
			isa = PBXTargetDependency;
			target = 92111F2F2BBBD2990045638C /* AdwumaX */;
			targetProxy = 92111F412BBBD29B0045638C /* PBXContainerItemProxy */;
		};
		92111F4C2BBBD29C0045638C /* PBXTargetDependency */ = {
			isa = PBXTargetDependency;
			target = 92111F2F2BBBD2990045638C /* AdwumaX */;
			targetProxy = 92111F4B2BBBD29C0045638C /* PBXContainerItemProxy */;
		};
/* End PBXTargetDependency section */

/* Begin XCBuildConfiguration section */
		92111F522BBBD29C0045638C /* Debug */ = {
			isa = XCBuildConfiguration;
			buildSettings = {
				ALWAYS_SEARCH_USER_PATHS = NO;
				ASSETCATALOG_COMPILER_GENERATE_SWIFT_ASSET_SYMBOL_EXTENSIONS = YES;
				CLANG_ANALYZER_NONNULL = YES;
				CLANG_ANALYZER_NUMBER_OBJECT_CONVERSION = YES_AGGRESSIVE;
				CLANG_CXX_LANGUAGE_STANDARD = "gnu++20";
				CLANG_ENABLE_MODULES = YES;
				CLANG_ENABLE_OBJC_ARC = YES;
				CLANG_ENABLE_OBJC_WEAK = YES;
				CLANG_WARN_BLOCK_CAPTURE_AUTORELEASING = YES;
				CLANG_WARN_BOOL_CONVERSION = YES;
				CLANG_WARN_COMMA = YES;
				CLANG_WARN_CONSTANT_CONVERSION = YES;
				CLANG_WARN_DEPRECATED_OBJC_IMPLEMENTATIONS = YES;
				CLANG_WARN_DIRECT_OBJC_ISA_USAGE = YES_ERROR;
				CLANG_WARN_DOCUMENTATION_COMMENTS = YES;
				CLANG_WARN_EMPTY_BODY = YES;
				CLANG_WARN_ENUM_CONVERSION = YES;
				CLANG_WARN_INFINITE_RECURSION = YES;
				CLANG_WARN_INT_CONVERSION = YES;
				CLANG_WARN_NON_LITERAL_NULL_CONVERSION = YES;
				CLANG_WARN_OBJC_IMPLICIT_RETAIN_SELF = YES;
				CLANG_WARN_OBJC_LITERAL_CONVERSION = YES;
				CLANG_WARN_OBJC_ROOT_CLASS = YES_ERROR;
				CLANG_WARN_QUOTED_INCLUDE_IN_FRAMEWORK_HEADER = YES;
				CLANG_WARN_RANGE_LOOP_ANALYSIS = YES;
				CLANG_WARN_STRICT_PROTOTYPES = YES;
				CLANG_WARN_SUSPICIOUS_MOVE = YES;
				CLANG_WARN_UNGUARDED_AVAILABILITY = YES_AGGRESSIVE;
				CLANG_WARN_UNREACHABLE_CODE = YES;
				CLANG_WARN__DUPLICATE_METHOD_MATCH = YES;
				COPY_PHASE_STRIP = NO;
				DEBUG_INFORMATION_FORMAT = dwarf;
				ENABLE_STRICT_OBJC_MSGSEND = YES;
				ENABLE_TESTABILITY = YES;
				ENABLE_USER_SCRIPT_SANDBOXING = YES;
				GCC_C_LANGUAGE_STANDARD = gnu17;
				GCC_DYNAMIC_NO_PIC = NO;
				GCC_NO_COMMON_BLOCKS = YES;
				GCC_OPTIMIZATION_LEVEL = 0;
				GCC_PREPROCESSOR_DEFINITIONS = (
					"DEBUG=1",
					"$(inherited)",
				);
				GCC_WARN_64_TO_32_BIT_CONVERSION = YES;
				GCC_WARN_ABOUT_RETURN_TYPE = YES_ERROR;
				GCC_WARN_UNDECLARED_SELECTOR = YES;
				GCC_WARN_UNINITIALIZED_AUTOS = YES_AGGRESSIVE;
				GCC_WARN_UNUSED_FUNCTION = YES;
				GCC_WARN_UNUSED_VARIABLE = YES;
				IPHONEOS_DEPLOYMENT_TARGET = 17.4;
				LOCALIZATION_PREFERS_STRING_CATALOGS = YES;
				MTL_ENABLE_DEBUG_INFO = INCLUDE_SOURCE;
				MTL_FAST_MATH = YES;
				ONLY_ACTIVE_ARCH = YES;
				SDKROOT = iphoneos;
				SWIFT_ACTIVE_COMPILATION_CONDITIONS = "DEBUG $(inherited)";
				SWIFT_OPTIMIZATION_LEVEL = "-Onone";
			};
			name = Debug;
		};
		92111F532BBBD29C0045638C /* Release */ = {
			isa = XCBuildConfiguration;
			buildSettings = {
				ALWAYS_SEARCH_USER_PATHS = NO;
				ASSETCATALOG_COMPILER_GENERATE_SWIFT_ASSET_SYMBOL_EXTENSIONS = YES;
				CLANG_ANALYZER_NONNULL = YES;
				CLANG_ANALYZER_NUMBER_OBJECT_CONVERSION = YES_AGGRESSIVE;
				CLANG_CXX_LANGUAGE_STANDARD = "gnu++20";
				CLANG_ENABLE_MODULES = YES;
				CLANG_ENABLE_OBJC_ARC = YES;
				CLANG_ENABLE_OBJC_WEAK = YES;
				CLANG_WARN_BLOCK_CAPTURE_AUTORELEASING = YES;
				CLANG_WARN_BOOL_CONVERSION = YES;
				CLANG_WARN_COMMA = YES;
				CLANG_WARN_CONSTANT_CONVERSION = YES;
				CLANG_WARN_DEPRECATED_OBJC_IMPLEMENTATIONS = YES;
				CLANG_WARN_DIRECT_OBJC_ISA_USAGE = YES_ERROR;
				CLANG_WARN_DOCUMENTATION_COMMENTS = YES;
				CLANG_WARN_EMPTY_BODY = YES;
				CLANG_WARN_ENUM_CONVERSION = YES;
				CLANG_WARN_INFINITE_RECURSION = YES;
				CLANG_WARN_INT_CONVERSION = YES;
				CLANG_WARN_NON_LITERAL_NULL_CONVERSION = YES;
				CLANG_WARN_OBJC_IMPLICIT_RETAIN_SELF = YES;
				CLANG_WARN_OBJC_LITERAL_CONVERSION = YES;
				CLANG_WARN_OBJC_ROOT_CLASS = YES_ERROR;
				CLANG_WARN_QUOTED_INCLUDE_IN_FRAMEWORK_HEADER = YES;
				CLANG_WARN_RANGE_LOOP_ANALYSIS = YES;
				CLANG_WARN_STRICT_PROTOTYPES = YES;
				CLANG_WARN_SUSPICIOUS_MOVE = YES;
				CLANG_WARN_UNGUARDED_AVAILABILITY = YES_AGGRESSIVE;
				CLANG_WARN_UNREACHABLE_CODE = YES;
				CLANG_WARN__DUPLICATE_METHOD_MATCH = YES;
				COPY_PHASE_STRIP = NO;
				DEBUG_INFORMATION_FORMAT = "dwarf-with-dsym";
				ENABLE_NS_ASSERTIONS = NO;
				ENABLE_STRICT_OBJC_MSGSEND = YES;
				ENABLE_USER_SCRIPT_SANDBOXING = YES;
				GCC_C_LANGUAGE_STANDARD = gnu17;
				GCC_NO_COMMON_BLOCKS = YES;
				GCC_WARN_64_TO_32_BIT_CONVERSION = YES;
				GCC_WARN_ABOUT_RETURN_TYPE = YES_ERROR;
				GCC_WARN_UNDECLARED_SELECTOR = YES;
				GCC_WARN_UNINITIALIZED_AUTOS = YES_AGGRESSIVE;
				GCC_WARN_UNUSED_FUNCTION = YES;
				GCC_WARN_UNUSED_VARIABLE = YES;
				IPHONEOS_DEPLOYMENT_TARGET = 17.4;
				LOCALIZATION_PREFERS_STRING_CATALOGS = YES;
				MTL_ENABLE_DEBUG_INFO = NO;
				MTL_FAST_MATH = YES;
				SDKROOT = iphoneos;
				SWIFT_COMPILATION_MODE = wholemodule;
				VALIDATE_PRODUCT = YES;
			};
			name = Release;
		};
		92111F552BBBD29C0045638C /* Debug */ = {
			isa = XCBuildConfiguration;
			buildSettings = {
				ASSETCATALOG_COMPILER_APPICON_NAME = AppIcon;
				ASSETCATALOG_COMPILER_GLOBAL_ACCENT_COLOR_NAME = AccentColor;
				CODE_SIGN_ENTITLEMENTS = AdwumaX/AdwumaX.entitlements;
				CODE_SIGN_STYLE = Automatic;
				CURRENT_PROJECT_VERSION = 1;
				DEVELOPMENT_ASSET_PATHS = "\"AdwumaX/Preview Content\"";
				DEVELOPMENT_TEAM = QB2T369883;
				ENABLE_PREVIEWS = YES;
				GENERATE_INFOPLIST_FILE = YES;
				INFOPLIST_FILE = AdwumaX/Info.plist;
				INFOPLIST_KEY_UIApplicationSceneManifest_Generation = YES;
				INFOPLIST_KEY_UIApplicationSupportsIndirectInputEvents = YES;
				INFOPLIST_KEY_UILaunchScreen_Generation = YES;
				INFOPLIST_KEY_UISupportedInterfaceOrientations_iPad = "UIInterfaceOrientationPortrait UIInterfaceOrientationPortraitUpsideDown UIInterfaceOrientationLandscapeLeft UIInterfaceOrientationLandscapeRight";
				INFOPLIST_KEY_UISupportedInterfaceOrientations_iPhone = "UIInterfaceOrientationPortrait UIInterfaceOrientationLandscapeLeft UIInterfaceOrientationLandscapeRight";
				LD_RUNPATH_SEARCH_PATHS = (
					"$(inherited)",
					"@executable_path/Frameworks",
				);
				MARKETING_VERSION = 1.0;
				PRODUCT_BUNDLE_IDENTIFIER = com.AdwumaX.AdwumaX;
				PRODUCT_NAME = "$(TARGET_NAME)";
				SWIFT_EMIT_LOC_STRINGS = YES;
				SWIFT_VERSION = 5.0;
				TARGETED_DEVICE_FAMILY = "1,2";
			};
			name = Debug;
		};
		92111F562BBBD29C0045638C /* Release */ = {
			isa = XCBuildConfiguration;
			buildSettings = {
				ASSETCATALOG_COMPILER_APPICON_NAME = AppIcon;
				ASSETCATALOG_COMPILER_GLOBAL_ACCENT_COLOR_NAME = AccentColor;
				CODE_SIGN_ENTITLEMENTS = AdwumaX/AdwumaX.entitlements;
				CODE_SIGN_STYLE = Automatic;
				CURRENT_PROJECT_VERSION = 1;
				DEVELOPMENT_ASSET_PATHS = "\"AdwumaX/Preview Content\"";
				DEVELOPMENT_TEAM = QB2T369883;
				ENABLE_PREVIEWS = YES;
				GENERATE_INFOPLIST_FILE = YES;
				INFOPLIST_FILE = AdwumaX/Info.plist;
				INFOPLIST_KEY_UIApplicationSceneManifest_Generation = YES;
				INFOPLIST_KEY_UIApplicationSupportsIndirectInputEvents = YES;
				INFOPLIST_KEY_UILaunchScreen_Generation = YES;
				INFOPLIST_KEY_UISupportedInterfaceOrientations_iPad = "UIInterfaceOrientationPortrait UIInterfaceOrientationPortraitUpsideDown UIInterfaceOrientationLandscapeLeft UIInterfaceOrientationLandscapeRight";
				INFOPLIST_KEY_UISupportedInterfaceOrientations_iPhone = "UIInterfaceOrientationPortrait UIInterfaceOrientationLandscapeLeft UIInterfaceOrientationLandscapeRight";
				LD_RUNPATH_SEARCH_PATHS = (
					"$(inherited)",
					"@executable_path/Frameworks",
				);
				MARKETING_VERSION = 1.0;
				PRODUCT_BUNDLE_IDENTIFIER = com.AdwumaX.AdwumaX;
				PRODUCT_NAME = "$(TARGET_NAME)";
				SWIFT_EMIT_LOC_STRINGS = YES;
				SWIFT_VERSION = 5.0;
				TARGETED_DEVICE_FAMILY = "1,2";
			};
			name = Release;
		};
		92111F582BBBD29C0045638C /* Debug */ = {
			isa = XCBuildConfiguration;
			buildSettings = {
				ALWAYS_EMBED_SWIFT_STANDARD_LIBRARIES = YES;
				BUNDLE_LOADER = "$(TEST_HOST)";
				CODE_SIGN_STYLE = Automatic;
				CURRENT_PROJECT_VERSION = 1;
				DEVELOPMENT_TEAM = QB2T369883;
				GENERATE_INFOPLIST_FILE = YES;
				IPHONEOS_DEPLOYMENT_TARGET = 17.4;
				MARKETING_VERSION = 1.0;
				PRODUCT_BUNDLE_IDENTIFIER = com.AdwumaX.AdwumaXTests;
				PRODUCT_NAME = "$(TARGET_NAME)";
				SWIFT_EMIT_LOC_STRINGS = NO;
				SWIFT_VERSION = 5.0;
				TARGETED_DEVICE_FAMILY = "1,2";
				TEST_HOST = "$(BUILT_PRODUCTS_DIR)/AdwumaX.app/$(BUNDLE_EXECUTABLE_FOLDER_PATH)/AdwumaX";
			};
			name = Debug;
		};
		92111F592BBBD29C0045638C /* Release */ = {
			isa = XCBuildConfiguration;
			buildSettings = {
				ALWAYS_EMBED_SWIFT_STANDARD_LIBRARIES = YES;
				BUNDLE_LOADER = "$(TEST_HOST)";
				CODE_SIGN_STYLE = Automatic;
				CURRENT_PROJECT_VERSION = 1;
				DEVELOPMENT_TEAM = QB2T369883;
				GENERATE_INFOPLIST_FILE = YES;
				IPHONEOS_DEPLOYMENT_TARGET = 17.4;
				MARKETING_VERSION = 1.0;
				PRODUCT_BUNDLE_IDENTIFIER = com.AdwumaX.AdwumaXTests;
				PRODUCT_NAME = "$(TARGET_NAME)";
				SWIFT_EMIT_LOC_STRINGS = NO;
				SWIFT_VERSION = 5.0;
				TARGETED_DEVICE_FAMILY = "1,2";
				TEST_HOST = "$(BUILT_PRODUCTS_DIR)/AdwumaX.app/$(BUNDLE_EXECUTABLE_FOLDER_PATH)/AdwumaX";
			};
			name = Release;
		};
		92111F5B2BBBD29C0045638C /* Debug */ = {
			isa = XCBuildConfiguration;
			buildSettings = {
				ALWAYS_EMBED_SWIFT_STANDARD_LIBRARIES = YES;
				CODE_SIGN_STYLE = Automatic;
				CURRENT_PROJECT_VERSION = 1;
				DEVELOPMENT_TEAM = QB2T369883;
				GENERATE_INFOPLIST_FILE = YES;
				MARKETING_VERSION = 1.0;
				PRODUCT_BUNDLE_IDENTIFIER = com.AdwumaX.AdwumaXUITests;
				PRODUCT_NAME = "$(TARGET_NAME)";
				SWIFT_EMIT_LOC_STRINGS = NO;
				SWIFT_VERSION = 5.0;
				TARGETED_DEVICE_FAMILY = "1,2";
				TEST_TARGET_NAME = AdwumaX;
			};
			name = Debug;
		};
		92111F5C2BBBD29C0045638C /* Release */ = {
			isa = XCBuildConfiguration;
			buildSettings = {
				ALWAYS_EMBED_SWIFT_STANDARD_LIBRARIES = YES;
				CODE_SIGN_STYLE = Automatic;
				CURRENT_PROJECT_VERSION = 1;
				DEVELOPMENT_TEAM = QB2T369883;
				GENERATE_INFOPLIST_FILE = YES;
				MARKETING_VERSION = 1.0;
				PRODUCT_BUNDLE_IDENTIFIER = com.AdwumaX.AdwumaXUITests;
				PRODUCT_NAME = "$(TARGET_NAME)";
				SWIFT_EMIT_LOC_STRINGS = NO;
				SWIFT_VERSION = 5.0;
				TARGETED_DEVICE_FAMILY = "1,2";
				TEST_TARGET_NAME = AdwumaX;
			};
			name = Release;
		};
/* End XCBuildConfiguration section */

/* Begin XCConfigurationList section */
		92111F2B2BBBD2990045638C /* Build configuration list for PBXProject "AdwumaX" */ = {
			isa = XCConfigurationList;
			buildConfigurations = (
				92111F522BBBD29C0045638C /* Debug */,
				92111F532BBBD29C0045638C /* Release */,
			);
			defaultConfigurationIsVisible = 0;
			defaultConfigurationName = Release;
		};
		92111F542BBBD29C0045638C /* Build configuration list for PBXNativeTarget "AdwumaX" */ = {
			isa = XCConfigurationList;
			buildConfigurations = (
				92111F552BBBD29C0045638C /* Debug */,
				92111F562BBBD29C0045638C /* Release */,
			);
			defaultConfigurationIsVisible = 0;
			defaultConfigurationName = Release;
		};
		92111F572BBBD29C0045638C /* Build configuration list for PBXNativeTarget "AdwumaXTests" */ = {
			isa = XCConfigurationList;
			buildConfigurations = (
				92111F582BBBD29C0045638C /* Debug */,
				92111F592BBBD29C0045638C /* Release */,
			);
			defaultConfigurationIsVisible = 0;
			defaultConfigurationName = Release;
		};
		92111F5A2BBBD29C0045638C /* Build configuration list for PBXNativeTarget "AdwumaXUITests" */ = {
			isa = XCConfigurationList;
			buildConfigurations = (
				92111F5B2BBBD29C0045638C /* Debug */,
				92111F5C2BBBD29C0045638C /* Release */,
			);
			defaultConfigurationIsVisible = 0;
			defaultConfigurationName = Release;
		};
/* End XCConfigurationList section */

/* Begin XCRemoteSwiftPackageReference section */
		92111F5F2BBBDABF0045638C /* XCRemoteSwiftPackageReference "firebase-ios-sdk" */ = {
			isa = XCRemoteSwiftPackageReference;
			repositoryURL = "https://github.com/firebase/firebase-ios-sdk.git";
			requirement = {
				kind = upToNextMajorVersion;
				minimumVersion = 10.23.1;
			};
		};
		92111F6A2BBBDAE40045638C /* XCRemoteSwiftPackageReference "GoogleSignIn-iOS" */ = {
			isa = XCRemoteSwiftPackageReference;
			repositoryURL = "https://github.com/google/GoogleSignIn-iOS.git";
			requirement = {
				kind = upToNextMajorVersion;
				minimumVersion = 7.1.0;
			};
		};
/* End XCRemoteSwiftPackageReference section */

/* Begin XCSwiftPackageProductDependency section */
		92111F602BBBDABF0045638C /* FirebaseAnalytics */ = {
			isa = XCSwiftPackageProductDependency;
			package = 92111F5F2BBBDABF0045638C /* XCRemoteSwiftPackageReference "firebase-ios-sdk" */;
			productName = FirebaseAnalytics;
		};
		92111F622BBBDABF0045638C /* FirebaseAnalyticsSwift */ = {
			isa = XCSwiftPackageProductDependency;
			package = 92111F5F2BBBDABF0045638C /* XCRemoteSwiftPackageReference "firebase-ios-sdk" */;
			productName = FirebaseAnalyticsSwift;
		};
		92111F642BBBDABF0045638C /* FirebaseAuth */ = {
			isa = XCSwiftPackageProductDependency;
			package = 92111F5F2BBBDABF0045638C /* XCRemoteSwiftPackageReference "firebase-ios-sdk" */;
			productName = FirebaseAuth;
		};
		92111F662BBBDABF0045638C /* FirebaseFirestore */ = {
			isa = XCSwiftPackageProductDependency;
			package = 92111F5F2BBBDABF0045638C /* XCRemoteSwiftPackageReference "firebase-ios-sdk" */;
			productName = FirebaseFirestore;
		};
		92111F682BBBDABF0045638C /* FirebaseFirestoreSwift */ = {
			isa = XCSwiftPackageProductDependency;
			package = 92111F5F2BBBDABF0045638C /* XCRemoteSwiftPackageReference "firebase-ios-sdk" */;
			productName = FirebaseFirestoreSwift;
		};
		92111F6B2BBBDAE40045638C /* GoogleSignIn */ = {
			isa = XCSwiftPackageProductDependency;
			package = 92111F6A2BBBDAE40045638C /* XCRemoteSwiftPackageReference "GoogleSignIn-iOS" */;
			productName = GoogleSignIn;
		};
		92111F6D2BBBDAE40045638C /* GoogleSignInSwift */ = {
			isa = XCSwiftPackageProductDependency;
			package = 92111F6A2BBBDAE40045638C /* XCRemoteSwiftPackageReference "GoogleSignIn-iOS" */;
			productName = GoogleSignInSwift;
		};
/* End XCSwiftPackageProductDependency section */
	};
	rootObject = 92111F282BBBD2990045638C /* Project object */;
}
